
Microsoft Visual Studio Solution File, Format Version 12.00
# Visual Studio Version 17
VisualStudioVersion = 17.10.35004.147
MinimumVisualStudioVersion = 10.0.40219.1
Project("{FAE04EC0-301F-11D3-BF4B-00C04F79EFBC}") = "CentroEstetica", "CentroEstetica\CentroEstetica.csproj", "{D3DD6175-1D28-486A-858E-048764F6D911}"
EndProject
Project("{FAE04EC0-301F-11D3-BF4B-00C04F79EFBC}") = "dominio", "dominio\dominio.csproj", "{3DA7BF1B-87A5-4D36-8604-CCA11950732C}"
EndProject
Project("{FAE04EC0-301F-11D3-BF4B-00C04F79EFBC}") = "basesDatos", "basesDatos\basesDatos.csproj", "{A2D83AC2-CDE1-46F9-835E-BA1C089B0D5E}"
EndProject
Project("{FAE04EC0-301F-11D3-BF4B-00C04F79EFBC}") = "negocio", "negocio\negocio.csproj", "{8B6EEA51-CA10-45B3-ACB5-CECA983145D6}"
EndProject
Global
	GlobalSection(SolutionConfigurationPlatforms) = preSolution
		Debug|Any CPU = Debug|Any CPU
		Release|Any CPU = Release|Any CPU
	EndGlobalSection
	GlobalSection(ProjectConfigurationPlatforms) = postSolution
		{D3DD6175-1D28-486A-858E-048764F6D911}.Debug|Any CPU.ActiveCfg = Debug|Any CPU
		{D3DD6175-1D28-486A-858E-048764F6D911}.Debug|Any CPU.Build.0 = Debug|Any CPU
		{D3DD6175-1D28-486A-858E-048764F6D911}.Release|Any CPU.ActiveCfg = Release|Any CPU
		{D3DD6175-1D28-486A-858E-048764F6D911}.Release|Any CPU.Build.0 = Release|Any CPU
		{3DA7BF1B-87A5-4D36-8604-CCA11950732C}.Debug|Any CPU.ActiveCfg = Debug|Any CPU
		{3DA7BF1B-87A5-4D36-8604-CCA11950732C}.Debug|Any CPU.Build.0 = Debug|Any CPU
		{3DA7BF1B-87A5-4D36-8604-CCA11950732C}.Release|Any CPU.ActiveCfg = Release|Any CPU
		{3DA7BF1B-87A5-4D36-8604-CCA11950732C}.Release|Any CPU.Build.0 = Release|Any CPU
		{A2D83AC2-CDE1-46F9-835E-BA1C089B0D5E}.Debug|Any CPU.ActiveCfg = Debug|Any CPU
		{A2D83AC2-CDE1-46F9-835E-BA1C089B0D5E}.Debug|Any CPU.Build.0 = Debug|Any CPU
		{A2D83AC2-CDE1-46F9-835E-BA1C089B0D5E}.Release|Any CPU.ActiveCfg = Release|Any CPU
		{A2D83AC2-CDE1-46F9-835E-BA1C089B0D5E}.Release|Any CPU.Build.0 = Release|Any CPU
		{8B6EEA51-CA10-45B3-ACB5-CECA983145D6}.Debug|Any CPU.ActiveCfg = Debug|Any CPU
		{8B6EEA51-CA10-45B3-ACB5-CECA983145D6}.Debug|Any CPU.Build.0 = Debug|Any CPU
		{8B6EEA51-CA10-45B3-ACB5-CECA983145D6}.Release|Any CPU.ActiveCfg = Release|Any CPU
		{8B6EEA51-CA10-45B3-ACB5-CECA983145D6}.Release|Any CPU.Build.0 = Release|Any CPU
	EndGlobalSection
	GlobalSection(SolutionProperties) = preSolution
		HideSolutionNode = FALSE
	EndGlobalSection
	GlobalSection(ExtensibilityGlobals) = postSolution
		SolutionGuid = {749293AB-2143-4B5D-BA84-AA3879653334}
	EndGlobalSection
EndGlobal
